# This file is generated by running "yarn install" inside your project.
# Manual changes might be lost - proceed with caution!

__metadata:
  version: 4
  cacheKey: 7

"@electron/get@npm:^1.0.1":
  version: 1.12.2
  resolution: "@electron/get@npm:1.12.2"
  dependencies:
    debug: ^4.1.1
    env-paths: ^2.2.0
    fs-extra: ^8.1.0
    global-agent: ^2.0.2
    global-tunnel-ng: ^2.7.1
    got: ^9.6.0
    progress: ^2.0.3
    sanitize-filename: ^1.6.2
    sumchecker: ^3.0.1
  dependenciesMeta:
    global-agent:
      optional: true
    global-tunnel-ng:
      optional: true
  checksum: 0d79fdb38fabb7467c7219d86142ccaf21329ecdf3c394371dbc3cc37e54026ac654e30339b50535289a0592294330f330d2cd9f3a315da403230bd9a0bdbb07
  languageName: node
  linkType: hard

"@sindresorhus/is@npm:^0.14.0":
  version: 0.14.0
  resolution: "@sindresorhus/is@npm:0.14.0"
  checksum: da26389d6e23f64726224ffda6f6a04bab88e15b9c4eb8f9e5fdafc3baaaa071c85c47816723b7e61e14bf2f4dcff25d6bc1629032c2916ffb8b3fe759ad7b1f
  languageName: node
  linkType: hard

"@szmarczak/http-timer@npm:^1.1.2":
  version: 1.1.2
  resolution: "@szmarczak/http-timer@npm:1.1.2"
  dependencies:
    defer-to-connect: ^1.0.1
  checksum: a46ec854231194dd1ab924a5ea0d8f0afa2b7133754a3def099cc5749e34802d8668a7d7ee3583327048354b9dc621113843d8546387e06ff57e6763cbb558d9
  languageName: node
  linkType: hard

"@types/keyv@npm:^3.1.1":
  version: 3.1.1
  resolution: "@types/keyv@npm:3.1.1"
  dependencies:
    "@types/node": "*"
  checksum: 3aaf557d5b82e733d5a17b7f55af5d6be953363c3a594f006d64265790fe87c301c6e1400c0b6b1cf72add50a0ceddc25afb8231ab8302a2e5b6ebfbfac30e5d
  languageName: node
  linkType: hard

"@types/node@npm:*":
  version: 14.14.14
  resolution: "@types/node@npm:14.14.14"
  checksum: dea8d257d49d68c65dafa6ebde9453bb61b67febc92ed8d7e38fce8b95f18d32ccffb3ab37021f9be8d1e5c65cd59cdb7dd8981d9b89b2be103b3012aee09fcf
  languageName: node
  linkType: hard

"@types/node@npm:^12.0.12":
  version: 12.19.9
  resolution: "@types/node@npm:12.19.9"
  checksum: c1a9b8c3ae53bff0a0c312b6f1e50ee139619eb32887829e4405131cc77e92c2c25e9fec82212a4c03c4eb0b50dde0537db44ae6dd4fa46cb11c824965832d3d
  languageName: node
  linkType: hard

"@types/responselike@npm:^1.0.0":
  version: 1.0.0
  resolution: "@types/responselike@npm:1.0.0"
  dependencies:
    "@types/node": "*"
  checksum: e6e6613c800aeda63e2331e753e8d21df1a2c9aa7a4bc71ed792a848e4811fc96e609759089355314a2318c76eff1f161499cd242044838ab1e6f56e463ebb9c
  languageName: node
  linkType: hard

"boolean@npm:^3.0.1":
  version: 3.0.2
  resolution: "boolean@npm:3.0.2"
  checksum: a844b7c6f1a495cd044dca9f8ff601fa73435a8fcc262db752b490e0be35bdd8d0210d32d4ea08082f924f7877d69d0c0e3b6245cd794620c2465481d9d5c487
  languageName: node
  linkType: hard

"buffer-crc32@npm:~0.2.3":
  version: 0.2.13
  resolution: "buffer-crc32@npm:0.2.13"
  checksum: 0340e848d6fd87e49ef6f1067f31b2a8d2e71b433e9bb62ff3d9bc2499146f0be586b5b80b0d099c7110a226161b21cb6cd80162dd5a51d9ebdb03da58b99637
  languageName: node
  linkType: hard

"buffer-from@npm:^1.0.0":
  version: 1.1.1
  resolution: "buffer-from@npm:1.1.1"
  checksum: 540ceb79c4f5bfcadaabbc18324fa84c50dc52905084be7c03596a339cf5a88513bee6831ce9b36ddd046fab09257a7c80686e129d0559a0cfd141da196ad956
  languageName: node
  linkType: hard

"cacheable-request@npm:^6.0.0":
  version: 6.1.0
  resolution: "cacheable-request@npm:6.1.0"
  dependencies:
    clone-response: ^1.0.2
    get-stream: ^5.1.0
    http-cache-semantics: ^4.0.0
    keyv: ^3.0.0
    lowercase-keys: ^2.0.0
    normalize-url: ^4.1.0
    responselike: ^1.0.2
  checksum: 8b43f661371084ee67309c6bac93313360f55d5dfb1b622d32750c95a5f9c470a83d5798a042a67badcc0674ce0ca586a72f41e450275e78d87da1b705b91efb
  languageName: node
  linkType: hard

"clone-response@npm:^1.0.2":
  version: 1.0.2
  resolution: "clone-response@npm:1.0.2"
  dependencies:
    mimic-response: ^1.0.0
  checksum: 71832f9219f2682b0915bdbc0dd187ba8e63d16b0af5342b44f97b34afe9400a1f528a253dd2f70a8dd8b23bfa4c4e106928fcc520fa5899d769af95e4cce53c
  languageName: node
  linkType: hard

"concat-stream@npm:^1.6.2":
  version: 1.6.2
  resolution: "concat-stream@npm:1.6.2"
  dependencies:
    buffer-from: ^1.0.0
    inherits: ^2.0.3
    readable-stream: ^2.2.2
    typedarray: ^0.0.6
  checksum: 7a97b7a7d0938e36800bdb6f5caf938bac8c523a6ec15df1f2ac41d3785541be30a6671c9f4c0d1ac9609e6ab29dcab8f54d1c84035e3e3b7b24f9336da68ab0
  languageName: node
  linkType: hard

"config-chain@npm:^1.1.11":
  version: 1.1.12
  resolution: "config-chain@npm:1.1.12"
  dependencies:
    ini: ^1.3.4
    proto-list: ~1.2.1
  checksum: caf4b96491c2ea6fc5e6e23cebc526040cf21779ffc544c705a21b788f7dc3d34bc439878dcdfae8c15830052be55d62b26acada13da1236142d3efc5b4329be
  languageName: node
  linkType: hard

"core-js@npm:^3.6.5":
  version: 3.8.1
  resolution: "core-js@npm:3.8.1"
  checksum: e9364ce130241b65f73e0be84721f3cd704b5db77709476e2d6c1e4b56e58e3af9b46e6b51bd019865083d2d55b38a8e0888e862f75e65332c37820cb0d3c58e
  languageName: node
  linkType: hard

"core-util-is@npm:~1.0.0":
  version: 1.0.2
  resolution: "core-util-is@npm:1.0.2"
  checksum: 089015ee3c462dfceba70faa1df83b42a7bb35db26dae6af283247b06fe3216c65fccd9f00eebcaf98300dc31e981d56aae9f90b624f8f6ff1153e235ff88b65
  languageName: node
  linkType: hard

"debug@npm:^2.6.9":
  version: 2.6.9
  resolution: "debug@npm:2.6.9"
  dependencies:
    ms: 2.0.0
  checksum: 559f44f98cf25e2ee489022aec173afbff746564cb108c4493becb95bc3c017a67bdaa25a0ff64801fd32c35051d00af0e56cc7f762ae2c3bc089496e5a1c31b
  languageName: node
  linkType: hard

"debug@npm:^4.1.0, debug@npm:^4.1.1":
  version: 4.3.2
  resolution: "debug@npm:4.3.2"
  dependencies:
    ms: 2.1.2
  peerDependenciesMeta:
    supports-color:
      optional: true
  checksum: 5543570879e2274f6725d4285a034d6e0822d35faefc6f55965933fb440e8c21eb3a0bef934e66f4b6b491f898ee2de37cab980e9d4fd61372136c19d3ce4527
  languageName: node
  linkType: hard

"decompress-response@npm:^3.3.0":
  version: 3.3.0
  resolution: "decompress-response@npm:3.3.0"
  dependencies:
    mimic-response: ^1.0.0
  checksum: 93b0dcc8f0c32f1d5eb656e7db54fa5554227b8bfefd242c9d28f7b9c3908052c2ab8297b4af6256759da496679ee3a806d559f22d29b7e71a25879a2c25b99b
  languageName: node
  linkType: hard

"defer-to-connect@npm:^1.0.1":
  version: 1.1.3
  resolution: "defer-to-connect@npm:1.1.3"
  checksum: d8632cafae79a077b894c17f92d668784ad83825150d31c107df4fafc39f351ecd5112e0c75e0c2886c29ea359faf299bbb73246af71607b1e5b0d1ecc496ebf
  languageName: node
  linkType: hard

"define-properties@npm:^1.1.3":
  version: 1.1.3
  resolution: "define-properties@npm:1.1.3"
  dependencies:
    object-keys: ^1.0.12
  checksum: b69c48c1b1dacb61f0b1cea367707c3bb214e3c47818aff18e6f20a7f88cbfa33d4cbdfd9ff79e56faba95ddca3d78ff10fbf2f02ecfad6f3e13b256e76b1212
  languageName: node
  linkType: hard

"detect-node@npm:^2.0.4":
  version: 2.0.4
  resolution: "detect-node@npm:2.0.4"
  checksum: e7648a5a91dd5e91838d14f0e9631f2adf0117cc271ea86d8ce394a8fbe8fc7545755c8261faaf4b1e196795a10da99e5d5f1013163ba0f6260a57b0ba29cc60
  languageName: node
  linkType: hard

"duplexer3@npm:^0.1.4":
  version: 0.1.4
  resolution: "duplexer3@npm:0.1.4"
  checksum: 2a4ae463aafdb6e3541e556785d971e83e8d2b534b4cfcb114b01ebc6af6dde5a07454835c7207c8eeb5472927db1bac1b507044413164e991906c5da807938b
  languageName: node
  linkType: hard

"electron@npm:^11.1.0":
  version: 11.1.0
  resolution: "electron@npm:11.1.0"
  dependencies:
    "@electron/get": ^1.0.1
    "@types/node": ^12.0.12
    extract-zip: ^1.0.3
  bin:
    electron: cli.js
  checksum: 4a109d7579d5a7158df6bb10a80671107b588c433a0f211a0bde20701f8ae1cf9141162ceed534edfab3953dbebd4870934fe5a34e1fa0d681630f0bfc45277b
  languageName: node
  linkType: hard

"encodeurl@npm:^1.0.2":
  version: 1.0.2
  resolution: "encodeurl@npm:1.0.2"
  checksum: 6ee5fcbcd245d2a2b6bd6fe36b80f91e31ab46e29192c50af00e8f860c0c2310ebbdaae40257878fdce90b42abcb3526895c7c3a2e229461ed1f0d0b5a020fc8
  languageName: node
  linkType: hard

"end-of-stream@npm:^1.1.0":
  version: 1.4.4
  resolution: "end-of-stream@npm:1.4.4"
  dependencies:
    once: ^1.4.0
  checksum: 7da60e458bdb5e16c006a45e85ef3bc1e3791db5ba275b0913258ccddc8899acb9252c4ddbcce87bd1b46e2a3f97315aafb9f0c0330e8aac44defb504a9d3ccd
  languageName: node
  linkType: hard

"env-paths@npm:^2.2.0":
  version: 2.2.0
  resolution: "env-paths@npm:2.2.0"
  checksum: 09de4fd1c068d5965aa8aede852a764b7fb6fa8f1299ba7789bc29c22840ab1985e0c9c55bc6bf40b4276834b8adfa1baf82ec9bc58445d9e75800dc32d78a4f
  languageName: node
  linkType: hard

"es6-error@npm:^4.1.1":
  version: 4.1.1
  resolution: "es6-error@npm:4.1.1"
  checksum: d7343d3f47834d71912278b5a7476028b7ef3db4ee5c8b7184d7204d2c3a48dd4ce68d197a14116f0d16c85f85d3d8ed1d8c137cf5bc9f33f672646755289688
  languageName: node
  linkType: hard

"escape-string-regexp@npm:^4.0.0":
  version: 4.0.0
  resolution: "escape-string-regexp@npm:4.0.0"
  checksum: c747be8d5ff7873127e3e0cffe7d2206a37208077fa9c30a3c1bb4f26bebd081c8c24d5fba7a99449f9d20670bea3dc5e1b6098b0f074b099bd38766271a272f
  languageName: node
  linkType: hard

"extract-zip@npm:^1.0.3":
  version: 1.7.0
  resolution: "extract-zip@npm:1.7.0"
  dependencies:
    concat-stream: ^1.6.2
    debug: ^2.6.9
    mkdirp: ^0.5.4
    yauzl: ^2.10.0
  bin:
    extract-zip: cli.js
  checksum: e90196dc3d874cb5f0684a5465c6a062363632ff1fbea91ad3983c05c79950b32f95c4b74653ae9efc11acff80c0a1cfe4852985804a57aa24ff6a1ca26fa0cb
  languageName: node
  linkType: hard

"fd-slicer@npm:~1.1.0":
  version: 1.1.0
  resolution: "fd-slicer@npm:1.1.0"
  dependencies:
    pend: ~1.2.0
  checksum: ec759b16aea613f79540b450ffc278dcb927dccf55c89a364b68547441bec776d637f0a53aee9c9c70683406e4fc4b3aff29b1732bb388f9fa6ba200e8a79caa
  languageName: node
  linkType: hard

"fs-extra@npm:^8.1.0":
  version: 8.1.0
  resolution: "fs-extra@npm:8.1.0"
  dependencies:
    graceful-fs: ^4.2.0
    jsonfile: ^4.0.0
    universalify: ^0.1.0
  checksum: 056a96d4f55ab8728b021e251175a4a6440d1edb5845e6c2e8e010019bde3e63de188a0eb99386c21c71804ca1a571cd6e08f507971f10a2bc4f4f7667720fa4
  languageName: node
  linkType: hard

"get-stream@npm:^4.1.0":
  version: 4.1.0
  resolution: "get-stream@npm:4.1.0"
  dependencies:
    pump: ^3.0.0
  checksum: f41bb3c74de09d1dbe1e9d0b6d12520875d99b7ecd32c71ee21eea26d32ca74110e2406922ca64ed8cd6f10076c5f59e4fd128f10cc292eae3b669379e5f18ed
  languageName: node
  linkType: hard

"get-stream@npm:^5.1.0":
  version: 5.2.0
  resolution: "get-stream@npm:5.2.0"
  dependencies:
    pump: ^3.0.0
  checksum: c71c5625f4573a33823371da253b4183df6bdb28cb678d03bab9b5f91626d92d6f3f5ae2404c5efdc1248fbb82204e4dae4283c7ff3cc14e505754f9f748f217
  languageName: node
  linkType: hard

"global-agent@npm:^2.0.2":
  version: 2.1.12
  resolution: "global-agent@npm:2.1.12"
  dependencies:
    boolean: ^3.0.1
    core-js: ^3.6.5
    es6-error: ^4.1.1
    matcher: ^3.0.0
    roarr: ^2.15.3
    semver: ^7.3.2
    serialize-error: ^7.0.1
  checksum: ee616a998d61d6dd0d7c37a00d91d37f40c556969ac6fc37ae44741fd04f4c9ae63c558f63646b49d6bbf428d4266903a7eb61d9e10af63bbc408e577bf15b06
  languageName: node
  linkType: hard

"global-tunnel-ng@npm:^2.7.1":
  version: 2.7.1
  resolution: "global-tunnel-ng@npm:2.7.1"
  dependencies:
    encodeurl: ^1.0.2
    lodash: ^4.17.10
    npm-conf: ^1.1.3
    tunnel: ^0.0.6
  checksum: 9aa6702b55020c848e712bf30b878d5b2fd0bb6d916b1cdac573be058e08f920149c804ed750fce9e8b7c46fb446eecd2878129512b08929208771534f8008e3
  languageName: node
  linkType: hard

"globalthis@npm:^1.0.1":
  version: 1.0.1
  resolution: "globalthis@npm:1.0.1"
  dependencies:
    define-properties: ^1.1.3
  checksum: 031f9e8873211f2c16e985120d6705bb5f73a724be06abee27be658e8d2e3de4ff1e9c2febd975465a88969061a2ba148b1feb12f18502979d5aac1bf2ce5074
  languageName: node
  linkType: hard

"got@npm:^9.6.0":
  version: 9.6.0
  resolution: "got@npm:9.6.0"
  dependencies:
    "@sindresorhus/is": ^0.14.0
    "@szmarczak/http-timer": ^1.1.2
    cacheable-request: ^6.0.0
    decompress-response: ^3.3.0
    duplexer3: ^0.1.4
    get-stream: ^4.1.0
    lowercase-keys: ^1.0.1
    mimic-response: ^1.0.1
    p-cancelable: ^1.0.0
    to-readable-stream: ^1.0.0
    url-parse-lax: ^3.0.0
  checksum: 4cfb862eb7e2d023f486efbd9ad5ab199ea44f957dc72be9518bf54d832ad4281ef3b63eac4d861b189690c3b7674eef3e1cb4f41285a83fa43293431ab879bd
  languageName: node
  linkType: hard

"graceful-fs@npm:^4.1.6, graceful-fs@npm:^4.2.0":
  version: 4.2.4
  resolution: "graceful-fs@npm:4.2.4"
  checksum: d095ee4dc6eacc76814cd52d5d185b860119378a6fd4888e7d4e94983095c54d4f6369942a5e3d759cdbdd4e3ee7eaeb27a39ff938c6ee4610894fd9de46b6cb
  languageName: node
  linkType: hard

"http-cache-semantics@npm:^4.0.0":
  version: 4.1.0
  resolution: "http-cache-semantics@npm:4.1.0"
  checksum: 451df9784af2acbe0cc1fd70291285c08ca4a8966ab5ee4d3975e003d1ad4d74c81473086d628f31296b31221966fda8bc5ea1e29dd8f1f33f9fc2b0fdca65ca
  languageName: node
  linkType: hard

"inherits@npm:^2.0.3, inherits@npm:~2.0.3":
  version: 2.0.4
  resolution: "inherits@npm:2.0.4"
  checksum: 98426da247ddfc3dcd7d7daedd90c3ca32d5b08deca08949726f12d49232aef94772a07b36cf4ff833e105ae2ef931777f6de4a6dd8245a216b9299ad4a50bea
  languageName: node
  linkType: hard

"ini@npm:^1.3.4":
  version: 1.3.8
  resolution: "ini@npm:1.3.8"
  checksum: 62189ce7ea44c5778e757e4232c581212e838f3c39e79d931bb9152fd4b9275f09fb20b96afdd60ba9f5d7996b92486cad6cc617fcb84ff4beedd1b33b86221e
  languageName: node
  linkType: hard

"isarray@npm:~1.0.0":
  version: 1.0.0
  resolution: "isarray@npm:1.0.0"
  checksum: b0ff31a290e783f7b3fb73f2951ee7fc2946dc197b05f73577dc77f87dc3be2e0f66007bedf069123d4e5c4b691e7c89a241f6ca06f0c0f4765cdac5aa4b4047
  languageName: node
  linkType: hard

"json-buffer@npm:3.0.0":
  version: 3.0.0
  resolution: "json-buffer@npm:3.0.0"
  checksum: 09b53ecc8ffbb1252d9ef07f37ad616eb0769325d749c87555df786dc70e9855d4ad208255bbf232c86069504756277a7efb6725a31f6e6c4ef39a7b072e75f2
  languageName: node
  linkType: hard

"json-stringify-safe@npm:^5.0.1":
  version: 5.0.1
  resolution: "json-stringify-safe@npm:5.0.1"
  checksum: 261dfb8eb3e72c8b0dda11fd7c20c151ffc1d1b03e529245d51708c8dd8d8c6a225880464adf41a570dff6e5c805fd9d1f47fed948cfb526e4fbe5a67ce4e5f4
  languageName: node
  linkType: hard

"jsonfile@npm:^4.0.0":
  version: 4.0.0
  resolution: "jsonfile@npm:4.0.0"
  dependencies:
    graceful-fs: ^4.1.6
  dependenciesMeta:
    graceful-fs:
      optional: true
  checksum: a40b7b64da41c84b0dc7ad753737ba240bb0dc50a94be20ec0b73459707dede69a6f89eb44b4d29e6994ed93ddf8c9b6e57f6b1f09dd707567959880ad6cee7f
  languageName: node
  linkType: hard

"keyv@npm:^3.0.0":
  version: 3.1.0
  resolution: "keyv@npm:3.1.0"
  dependencies:
    json-buffer: 3.0.0
  checksum: 6bf032ee504f27e00ae3a366c7e0ca5d93b8f947672871568f2a1456bf56d1bc4e55555158a45188d14483c4c38d0fa1dc7f0585b0d6c640f8e79abc9b4d3162
  languageName: node
  linkType: hard

"lodash@npm:^4.17.10":
  version: 4.17.20
  resolution: "lodash@npm:4.17.20"
  checksum: c62101d2500c383b5f174a7e9e6fe8098149ddd6e9ccfa85f36d4789446195f5c4afd3cfba433026bcaf3da271256566b04a2bf2618e5a39f6e67f8c12030cb6
  languageName: node
  linkType: hard

"lowercase-keys@npm:^1.0.0, lowercase-keys@npm:^1.0.1":
  version: 1.0.1
  resolution: "lowercase-keys@npm:1.0.1"
  checksum: ac9d79c47dd9f831cebb2cbe930e72f7c03b27ab07c5bb9072ee0b4a853ce26d6648403b9eb371b3d400af3790da9ce65cf7207af887f8c134d53dce81559107
  languageName: node
  linkType: hard

"lowercase-keys@npm:^2.0.0":
  version: 2.0.0
  resolution: "lowercase-keys@npm:2.0.0"
  checksum: 4da67f41865a25360bb05749a66a83c60987c7efa0b8ec443941a19978c21ba916ae9fedca25b96fc652026c4264a437d3fec099d1949716b5483eec42395ec9
  languageName: node
  linkType: hard

"lru-cache@npm:^6.0.0":
  version: 6.0.0
  resolution: "lru-cache@npm:6.0.0"
  dependencies:
    yallist: ^4.0.0
  checksum: b8b78353d2391c0f135cdc245c4744ad41c2efb1a6d98f31bc57a2cf48ebf02de96e4876657c3026673576bf1f1f61fc3fdd77ab00ad1ead737537bf17d8019d
  languageName: node
  linkType: hard

"matcher@npm:^3.0.0":
  version: 3.0.0
  resolution: "matcher@npm:3.0.0"
  dependencies:
    escape-string-regexp: ^4.0.0
  checksum: 4b54c0a8ed69ecc993290cd31d6ea6ce7f82e2f888fb6c319e311b7f5fac013fe790e7389479a7b040155dfe5df1991c793120295557b9b0a82b2db23bcffb2d
  languageName: node
  linkType: hard

"mimic-response@npm:^1.0.0, mimic-response@npm:^1.0.1":
  version: 1.0.1
  resolution: "mimic-response@npm:1.0.1"
  checksum: 64b43c717ed8710bc920576e96d38d0e504e9eec3114af8e00c9e3d7ae53cd459ee38febb0badc83e3a4e6d21cd571db43e9011f8cf014809989c87a1a9f0ea4
  languageName: node
  linkType: hard

"minimist@npm:^1.2.5":
  version: 1.2.5
  resolution: "minimist@npm:1.2.5"
  checksum: b77b8590147a4e217ff34266236bc39de23b52e6e33054076991ff674c7397a1380a7bde11111916f16f003a94aaa7e4f3d92595a32189644ff607fabc65a5b6
  languageName: node
  linkType: hard

"mkdirp@npm:^0.5.4":
  version: 0.5.5
  resolution: "mkdirp@npm:0.5.5"
  dependencies:
    minimist: ^1.2.5
  bin:
    mkdirp: bin/cmd.js
  checksum: 9dd9792e891927b14ca02226dbe1daeb717b9517a001620d5e2658bbc72c5e4f06887b6cbcbb60595fa5a56e701073cf250f1ed69c1988a6b89faf9fd6a4d049
  languageName: node
  linkType: hard

"ms@npm:2.0.0":
  version: 2.0.0
  resolution: "ms@npm:2.0.0"
  checksum: 1a230340cc7f322fbe916783d8c8d60455407c6b7fb7f901d6ee34eb272402302c5c7f070a97b8531245cbb4ca6a0a623f6a128d7e5a5440cefa2c669c0b35bb
  languageName: node
  linkType: hard

"ms@npm:2.1.2":
  version: 2.1.2
  resolution: "ms@npm:2.1.2"
  checksum: 9b65fb709bc30c0c07289dcbdb61ca032acbb9ea5698b55fa62e2cebb04c5953f1876a1f3f7f4bc2e91d4bf4d86003f3e207c3bc6ee2f716f99827e62389cd0e
  languageName: node
  linkType: hard

"normalize-url@npm:^4.1.0":
  version: 4.5.0
  resolution: "normalize-url@npm:4.5.0"
  checksum: 09794941dbe5c7b91caf6f3cd1ae167c27f6d09793e4a03601a68b62de7e8ee9e5de21a246130cdbab98b01481de292f9556d492444a527648f9cf1220e4b0df
  languageName: node
  linkType: hard

"npm-conf@npm:^1.1.3":
  version: 1.1.3
  resolution: "npm-conf@npm:1.1.3"
  dependencies:
    config-chain: ^1.1.11
    pify: ^3.0.0
  checksum: e9e092ed13930bfbe77e67ed18aa39a0795e9bf49dae13f02b5de6272dbe83692ae3ee407362ad4a54a8f82dc2b9e27cd84255f984173dc071906a8903b6c21c
  languageName: node
  linkType: hard

"object-keys@npm:^1.0.12":
  version: 1.1.1
  resolution: "object-keys@npm:1.1.1"
  checksum: 30d72d768b7f3f42144cee517b80e70c40cf39bb76f100557ffac42779613c591780135c54d8133894a78d2c0ae817e24a5891484722c6019a5cd5b58c745c66
  languageName: node
  linkType: hard

"once@npm:^1.3.1, once@npm:^1.4.0":
  version: 1.4.0
  resolution: "once@npm:1.4.0"
  dependencies:
    wrappy: 1
  checksum: 57afc246536cf6494437f982b26475f22bee860f8b77ce8eb1543f42a8bffe04b2c66ddfea9a16cb25ccb80943f8ee4fc639367ef97b7a6a4f2672eb573963f5
  languageName: node
  linkType: hard

"p-cancelable@npm:^1.0.0":
  version: 1.1.0
  resolution: "p-cancelable@npm:1.1.0"
  checksum: 01fdd9ac319f0e69e22c18d5b9e5f4dca62a0827d72349c73b0c88b07c760849de49201dcbe4fbbcbe61b4bdce8f4f3596cfbbfed664cf411ff1ab9a80664574
  languageName: node
  linkType: hard

"pend@npm:~1.2.0":
  version: 1.2.0
  resolution: "pend@npm:1.2.0"
  checksum: 35da01b2aa52458fbda2dceaeb5305c0d6c7262beca67d9f4c97bd70e4a8f4457f5fa01ffea3b3f786fb310b9b3b98515c52de3d7ae0b50dfb50b2a2d38d042b
  languageName: node
  linkType: hard

"pify@npm:^3.0.0":
  version: 3.0.0
  resolution: "pify@npm:3.0.0"
  checksum: 18af2b29148c4d6fd4c7741dbd953ff76beea17d1b4a6d5792d7ff1d7202f43671c3f29313aa5ec01a66d050dbdbb0cf23f17de69531da8dc8bda42d327cf960
  languageName: node
  linkType: hard

"prepend-http@npm:^2.0.0":
  version: 2.0.0
  resolution: "prepend-http@npm:2.0.0"
  checksum: d39325775adce38e18213fd19656af4abd7672ef6b1e330437079bb237de011d49a70bfb56b35037603d30ef279cceddb33794f70168582d50845c2ade29968e
  languageName: node
  linkType: hard

"process-nextick-args@npm:~2.0.0":
  version: 2.0.1
  resolution: "process-nextick-args@npm:2.0.1"
  checksum: ddeb0f07d0d5efa649c2c5e39d1afd0e3668df2b392d036c8a508b0034f7beffbc474b3c2f7fd3fed2dc4113cef8f1f7e00d05690df3c611b36f6c7efd7852d1
  languageName: node
  linkType: hard

"progress@npm:^2.0.3":
  version: 2.0.3
  resolution: "progress@npm:2.0.3"
  checksum: c46ef5a1de4d527dfd32fe56a7df0c1c8b420a4c02617196813bf7f10ac7c2a929afc265d44fdd68f5c439a7e7cb3d70d569716c82d6b4148ec72089860a1312
  languageName: node
  linkType: hard

"proto-list@npm:~1.2.1":
  version: 1.2.4
  resolution: "proto-list@npm:1.2.4"
  checksum: e722a11c66837cab0d5b81dd3f18717b73ea068fad0ceaf71d856e82167699c632201d0a1793ea48c997f1ac8544e9af89debc5cbd389b639370bc1adfb3abb4
  languageName: node
  linkType: hard

"pump@npm:^3.0.0":
  version: 3.0.0
  resolution: "pump@npm:3.0.0"
  dependencies:
    end-of-stream: ^1.1.0
    once: ^1.3.1
  checksum: 5464d5cf6c6f083cc60cb45b074fb9a4a92ba4d3e0d89e9b2fa1906d8151fd3766784a426725ccf1af50d1c29963ac20b13829933549830e08a6704e3f95e08c
  languageName: node
  linkType: hard

"readable-stream@npm:^2.2.2":
  version: 2.3.7
  resolution: "readable-stream@npm:2.3.7"
  dependencies:
    core-util-is: ~1.0.0
    inherits: ~2.0.3
    isarray: ~1.0.0
    process-nextick-args: ~2.0.0
    safe-buffer: ~5.1.1
    string_decoder: ~1.1.1
    util-deprecate: ~1.0.1
  checksum: 6e3826560627a751feb3a8aec073ef94c6e47b8c8e06eb5d136323b5f09db9d2077c23a42a8d54ed0123695af54b36c1e4271a8ec55112b15f4b89020d8dec72
  languageName: node
  linkType: hard

"responselike@npm:^1.0.2":
  version: 1.0.2
  resolution: "responselike@npm:1.0.2"
  dependencies:
    lowercase-keys: ^1.0.0
  checksum: c904f1499418d0729e9592079ea653c8fd35d50a7cca1a17d58ef3137382f915cbd344daaa7fe2e2b064a6d9fab4bcdd8b2ab963c523829427b440b775fba8fd
  languageName: node
  linkType: hard

"roarr@npm:^2.15.3":
  version: 2.15.4
  resolution: "roarr@npm:2.15.4"
  dependencies:
    boolean: ^3.0.1
    detect-node: ^2.0.4
    globalthis: ^1.0.1
    json-stringify-safe: ^5.0.1
    semver-compare: ^1.0.0
    sprintf-js: ^1.1.2
  checksum: 14f4920920e9e39717ce9cd2203694a0cfed06723d16328990c1507d768daed6b9256f58cc61e96ccebc93378a6f50af7982debee03bf88c04eddf8bf45d1897
  languageName: node
  linkType: hard

"safe-buffer@npm:~5.1.0, safe-buffer@npm:~5.1.1":
  version: 5.1.2
  resolution: "safe-buffer@npm:5.1.2"
  checksum: 2708587c1b5e70a5e420714ceb59f30f5791c6e831d39812125a008eca63a4ac18578abd020a0776ea497ff03b4543f2b2a223a7b9073bf2d6c7af9ec6829218
  languageName: node
  linkType: hard

"sanitize-filename@npm:^1.6.2":
  version: 1.6.3
  resolution: "sanitize-filename@npm:1.6.3"
  dependencies:
    truncate-utf8-bytes: ^1.0.0
  checksum: 3e15159360c46fe1846eaeff92a6139c1b0873337cd12c7df0aa8a8978dce0524f37510cc1814c2e82fd7663ec7a15147321b2e5dc0ed426dfa31f1ea93e3691
  languageName: node
  linkType: hard

"semver-compare@npm:^1.0.0":
  version: 1.0.0
  resolution: "semver-compare@npm:1.0.0"
  checksum: 9f3a74ca5f829c6b643668281228e2af310d9cb918a9d722e0c9426c4244c32346d29e955bbe796c46341f644fc741d888ca02e573f7aa230542809b03b0d8ec
  languageName: node
  linkType: hard

"semver@npm:^7.3.2":
  version: 7.3.4
  resolution: "semver@npm:7.3.4"
  dependencies:
    lru-cache: ^6.0.0
  bin:
    semver: bin/semver.js
  checksum: f2c7f9aeb976d1484b2f39aa7afc8332a1d21fd32ca4a6fbf650e1423455ebf3e7029f6e2e7ba0cd71935b85942521f1ec25b6cc2c031b953c8ca4ff2d7a823d
  languageName: node
  linkType: hard

"serialize-error@npm:^7.0.1":
  version: 7.0.1
  resolution: "serialize-error@npm:7.0.1"
  dependencies:
    type-fest: ^0.13.1
  checksum: 2ed46997358204fa3bfef142104b0c9bfe3530acccd709caad4e89dac1dd6390bf54b2edec0dcab0242fc7814e73a9456813998e7ecc5b734cf2b9b92287c742
  languageName: node
  linkType: hard

"sprintf-js@npm:^1.1.2":
  version: 1.1.2
  resolution: "sprintf-js@npm:1.1.2"
  checksum: 50d2008328a3cafac658a40de7fb7d3d899b8e12906b3784113a97199618531bc4237ef2779cc5a9cd6df06b58036fedf4578648a5bbfd01825ecb56546e3982
  languageName: node
  linkType: hard

"string_decoder@npm:~1.1.1":
  version: 1.1.1
  resolution: "string_decoder@npm:1.1.1"
  dependencies:
    safe-buffer: ~5.1.0
  checksum: bc2dc169d83df1b9e94defe7716bcad8a19ffe8211b029581cb0c6f9e83a6a7ba9ec3be38d179708a8643c692868a2b8b004ab159555dc26089ad3fa7b2158f5
  languageName: node
  linkType: hard

"sukelive@workspace:.":
  version: 0.0.0-use.local
  resolution: "sukelive@workspace:."
  dependencies:
    electron: ^11.1.0
    typescript: ^4.1.3
  languageName: unknown
  linkType: soft

"sumchecker@npm:^3.0.1":
  version: 3.0.1
  resolution: "sumchecker@npm:3.0.1"
  dependencies:
    debug: ^4.1.0
  checksum: 7f4f9276f77124e688cc469bf77e57bba79e33246c9b053e97be2ef6c1d1ac4fd84ffddbc85bfbaab2c40b3fccadf85d0895b6761eb5a68121916d325d9d9921
  languageName: node
  linkType: hard

"to-readable-stream@npm:^1.0.0":
  version: 1.0.0
  resolution: "to-readable-stream@npm:1.0.0"
  checksum: aa4b65d3e7a60d7b51204585187bdfd2159788a22ec241451c782552699e8dec39dcb8a9cd4957e03f32191ca18d3ea80abd9bb40005a8f1631df8fbba22b413
  languageName: node
  linkType: hard

"truncate-utf8-bytes@npm:^1.0.0":
  version: 1.0.2
  resolution: "truncate-utf8-bytes@npm:1.0.2"
  dependencies:
    utf8-byte-length: ^1.0.1
  checksum: 208b1197a1067e43483d036ca98ea6c9b48a60324b08979b4a569f35fbec1f62617218d0d7d4f34657c37616b99a0eed7be681a656fea01331cf33a0f8158e1d
  languageName: node
  linkType: hard

"tunnel@npm:^0.0.6":
  version: 0.0.6
  resolution: "tunnel@npm:0.0.6"
  checksum: 78fbb1a55a44fc8de6a497923bf7bf6e7b14b396e0ddaf11fe624ab7f646a0d2ada03f6dcb4a80940faed9649e30d229114f218e8906badd12ded2323a6f666b
  languageName: node
  linkType: hard

"type-fest@npm:^0.13.1":
  version: 0.13.1
  resolution: "type-fest@npm:0.13.1"
  checksum: 11acce4f34c75a838914bdc4a0133d2dd0864e313897471974880df82624159521bae691a6100ff99f93be2d0f8871ecdab18573d2c67e61905cf2f5cbfa52a6
  languageName: node
  linkType: hard

"typedarray@npm:^0.0.6":
  version: 0.0.6
  resolution: "typedarray@npm:0.0.6"
  checksum: c9ef0176aaf32593514c31e5c6edc1db970847aff6e1f0a0570a6ac0cc996335792f394c2fcec59cc76691d22a01888ea073a2f3c6930cfcf7c519addf4e2ad7
  languageName: node
  linkType: hard

typescript@^4.1.3:
  version: 4.1.3
  resolution: "typescript@npm:4.1.3"
  bin:
    tsc: bin/tsc
    tsserver: bin/tsserver
  checksum: 4f7ab1506ea22c7a1c313ec5b4285e93ce08d709ad6086d02d3096adb399ca339972ee56d1e578213c51dd0fb7b0fad50283c2d3c39642405644458ae29774f8
  languageName: node
  linkType: hard

"typescript@patch:typescript@^4.1.3#builtin<compat/typescript>":
  version: 4.1.3
  resolution: "typescript@patch:typescript@npm%3A4.1.3#builtin<compat/typescript>::version=4.1.3&hash=cc6730"
  bin:
    tsc: bin/tsc
    tsserver: bin/tsserver
  checksum: 017af992148346e671d5b83b041773825888e9c94db8d2b9472cdbb6d6f0ee85927817473121524d319f8be6ffe5a6904d27ff6ef21356d2274fcadd52e17938
  languageName: node
  linkType: hard

"universalify@npm:^0.1.0":
  version: 0.1.2
  resolution: "universalify@npm:0.1.2"
  checksum: 420fc6547357782c700d53e9a92506a8e95345b13e97684c8f9ab75237912ec2ebb6af8ac10d4f7406b7b6bd21c58f6c5c0811414fb0b4091b78b4743fa6806e
  languageName: node
  linkType: hard

"url-parse-lax@npm:^3.0.0":
  version: 3.0.0
  resolution: "url-parse-lax@npm:3.0.0"
  dependencies:
    prepend-http: ^2.0.0
  checksum: 334817036b300c35023798b8ceac23ea61b51f231a867112e3a85778d65191a3ccb67e7b69b608d45433d55da392cf0d72cd3c85f2542f6ec34733e455c229d5
  languageName: node
  linkType: hard

"utf8-byte-length@npm:^1.0.1":
  version: 1.0.4
  resolution: "utf8-byte-length@npm:1.0.4"
  checksum: df2466d1c91c58f172258e98e5ccf08707ca8e719a5715342e69bd2ebd349d209a05d173f2c069586442f7f7de44bdb37a5a263c75f69768852842b09cc50a04
  languageName: node
  linkType: hard

"util-deprecate@npm:~1.0.1":
  version: 1.0.2
  resolution: "util-deprecate@npm:1.0.2"
  checksum: 73c2b1cf0210ccac300645384d8443cabbd93194117b2dc1b3bae8d8279ad39aedac857e020c4ea505e96a1045059c7359db3df6a9df0be6b8584166c9d61dc9
  languageName: node
  linkType: hard

"wrappy@npm:1":
  version: 1.0.2
  resolution: "wrappy@npm:1.0.2"
  checksum: 519fcda0fcdf0c16327be2de9d98646742307bc830277e8868529fcf7566f2b330a6453c233e0cdcb767d5838dd61a90984a02ecc983bcddebea5ad0833bbf98
  languageName: node
  linkType: hard

"yallist@npm:^4.0.0":
  version: 4.0.0
  resolution: "yallist@npm:4.0.0"
  checksum: a2960ef879af6ee67a76cae29bac9d8bffeb6e9e366c217dbd21464e7fce071933705544724f47e90ba5209cf9c83c17d5582dd04415d86747a826b2a231efb8
  languageName: node
  linkType: hard

"yauzl@npm:^2.10.0":
  version: 2.10.0
  resolution: "yauzl@npm:2.10.0"
  dependencies:
    buffer-crc32: ~0.2.3
    fd-slicer: ~1.1.0
  checksum: 6d0c4e72706ec2df6ea842d09c792e7b34badc5db3d8a893e0c70d0e464c9bf82bac4b1690f3515b5e1d96b72fceb6cc4dd96465426077ba6dddc54e7dd4d517
  languageName: node
  linkType: hard
